// !$*UTF8*$!
{
	archiveVersion = 1;
	classes = {
	};
	objectVersion = 46;
	objects = {

/* Begin PBXBuildFile section */
		B4E5F6E319DA9DDA008187AA /* main.c in Sources */ = {isa = PBXBuildFile; fileRef = B4E5F6E219DA9DDA008187AA /* main.c */; };
/* End PBXBuildFile section */

/* Begin PBXCopyFilesBuildPhase section */
		B4E5F6DD19DA9DDA008187AA /* CopyFiles */ = {
			isa = PBXCopyFilesBuildPhase;
			buildActionMask = 2147483647;
			dstPath = /usr/share/man/man1/;
			dstSubfolderSpec = 0;
			files = (
			);
			runOnlyForDeploymentPostprocessing = 1;
		};
/* End PBXCopyFilesBuildPhase section */

/* Begin PBXFileReference section */
		B4E5F6DF19DA9DDA008187AA /* PEK generator */ = {isa = PBXFileReference; explicitFileType = "compiled.mach-o.executable"; includeInIndex = 0; path = "PEK generator"; sourceTree = BUILT_PRODUCTS_DIR; };
		B4E5F6E219DA9DDA008187AA /* main.c */ = {isa = PBXFileReference; lastKnownFileType = sourcecode.c.c; path = main.c; sourceTree = "<group>"; };
/* End PBXFileReference section */

/* Begin PBXFrameworksBuildPhase section */
		B4E5F6DC19DA9DDA008187AA /* Frameworks */ = {
			isa = PBXFrameworksBuildPhase;
			buildActionMask = 2147483647;
			files = (
			);
			runOnlyForDeploymentPostprocessing = 0;
		};
/* End PBXFrameworksBuildPhase section */

/* Begin PBXGroup section */
		B4E5F6D619DA9DDA008187AA = {
			isa = PBXGroup;
			children = (
				B4E5F6E119DA9DDA008187AA /* PEK generator */,
				B4E5F6E019DA9DDA008187AA /* Products */,
			);
			sourceTree = "<group>";
		};
		B4E5F6E019DA9DDA008187AA /* Products */ = {
			isa = PBXGroup;
			children = (
				B4E5F6DF19DA9DDA008187AA /* PEK generator */,
			);
			name = Products;
			sourceTree = "<group>";
		};
		B4E5F6E119DA9DDA008187AA /* PEK generator */ = {
			isa = PBXGroup;
			children = (
				B4E5F6E219DA9DDA008187AA /* main.c */,
			);
			path = "PEK generator";
			sourceTree = "<group>";
		};
/* End PBXGroup section */

/* Begin PBXNativeTarget section */
		B4E5F6DE19DA9DDA008187AA /* PEK generator */ = {
			isa = PBXNativeTarget;
			buildConfigurationList = B4E5F6E619DA9DDA008187AA /* Build configuration list for PBXNativeTarget "PEK generator" */;
			buildPhases = (
				B4E5F6DB19DA9DDA008187AA /* Sources */,
				B4E5F6DC19DA9DDA008187AA /* Frameworks */,
				B4E5F6DD19DA9DDA008187AA /* CopyFiles */,
			);
			buildRules = (
			);
			dependencies = (
			);
			name = "PEK generator";
			productName = "PEK generator";
			productReference = B4E5F6DF19DA9DDA008187AA /* PEK generator */;
			productType = "com.apple.product-type.tool";
		};
/* End PBXNativeTarget section */

/* Begin PBXProject section */
		B4E5F6D719DA9DDA008187AA /* Project object */ = {
			isa = PBXProject;
			attributes = {
				LastUpgradeCheck = 0600;
				ORGANIZATIONNAME = "Dominik Plisek a Tomas Marek";
				TargetAttributes = {
					B4E5F6DE19DA9DDA008187AA = {
						CreatedOnToolsVersion = 6.0;
					};
				};
			};
			buildConfigurationList = B4E5F6DA19DA9DDA008187AA /* Build configuration list for PBXProject "PEK generator" */;
			compatibilityVersion = "Xcode 3.2";
			developmentRegion = English;
			hasScannedForEncodings = 0;
			knownRegions = (
				en,
			);
			mainGroup = B4E5F6D619DA9DDA008187AA;
			productRefGroup = B4E5F6E019DA9DDA008187AA /* Products */;
			projectDirPath = "";
			projectRoot = "";
			targets = (
				B4E5F6DE19DA9DDA008187AA /* PEK generator */,
			);
		};
/* End PBXProject section */

/* Begin PBXSourcesBuildPhase section */
		B4E5F6DB19DA9DDA008187AA /* Sources */ = {
			isa = PBXSourcesBuildPhase;
			buildActionMask = 2147483647;
			files = (
				B4E5F6E319DA9DDA008187AA /* main.c in Sources */,
			);
			runOnlyForDeploymentPostprocessing = 0;
		};
/* End PBXSourcesBuildPhase section */

/* Begin XCBuildConfiguration section */
		B4E5F6E419DA9DDA008187AA /* Debug */ = {
			isa = XCBuildConfiguration;
			buildSettings = {
				ALWAYS_SEARCH_USER_PATHS = NO;
				CLANG_CXX_LANGUAGE_STANDARD = "gnu++0x";
				CLANG_CXX_LIBRARY = "libc++";
				CLANG_ENABLE_MODULES = YES;
				CLANG_ENABLE_OBJC_ARC = YES;
				CLANG_WARN_BOOL_CONVERSION = YES;
				CLANG_WARN_CONSTANT_CONVERSION = YES;
				CLANG_WARN_DIRECT_OBJC_ISA_USAGE = YES_ERROR;
				CLANG_WARN_EMPTY_BODY = YES;
				CLANG_WARN_ENUM_CONVERSION = YES;
				CLANG_WARN_INT_CONVERSION = YES;
				CLANG_WARN_OBJC_ROOT_CLASS = YES_ERROR;
				CLANG_WARN_UNREACHABLE_CODE = YES;
				CLANG_WARN__DUPLICATE_METHOD_MATCH = YES;
				COPY_PHASE_STRIP = NO;
				ENABLE_STRICT_OBJC_MSGSEND = YES;
				GCC_C_LANGUAGE_STANDARD = gnu99;
				GCC_DYNAMIC_NO_PIC = NO;
				GCC_OPTIMIZATION_LEVEL = 0;
				GCC_PREPROCESSOR_DEFINITIONS = (
					"DEBUG=1",
					"$(inherited)",
				);
				GCC_SYMBOLS_PRIVATE_EXTERN = NO;
				GCC_WARN_64_TO_32_BIT_CONVERSION = YES;
				GCC_WARN_ABOUT_RETURN_TYPE = YES_ERROR;
				GCC_WARN_UNDECLARED_SELECTOR = YES;
				GCC_WARN_UNINITIALIZED_AUTOS = YES_AGGRESSIVE;
				GCC_WARN_UNUSED_FUNCTION = YES;
				GCC_WARN_UNUSED_VARIABLE = YES;
				MACOSX_DEPLOYMENT_TARGET = 10.10;
				MTL_ENABLE_DEBUG_INFO = YES;
				ONLY_ACTIVE_ARCH = YES;
				SDKROOT = macosx;
			};
			name = Debug;
		};
		B4E5F6E519DA9DDA008187AA /* Release */ = {
			isa = XCBuildConfiguration;
			buildSettings = {
				ALWAYS_SEARCH_USER_PATHS = NO;
				CLANG_CXX_LANGUAGE_STANDARD = "gnu++0x";
				CLANG_CXX_LIBRARY = "libc++";
				CLANG_ENABLE_MODULES = YES;
				CLANG_ENABLE_OBJC_ARC = YES;
				CLANG_WARN_BOOL_CONVERSION = YES;
				CLANG_WARN_CONSTANT_CONVERSION = YES;
				CLANG_WARN_DIRECT_OBJC_ISA_USAGE = YES_ERROR;
				CLANG_WARN_EMPTY_BODY = YES;
				CLANG_WARN_ENUM_CONVERSION = YES;
				CLANG_WARN_INT_CONVERSION = YES;
				CLANG_WARN_OBJC_ROOT_CLASS = YES_ERROR;
				CLANG_WARN_UNREACHABLE_CODE = YES;
				CLANG_WARN__DUPLICATE_METHOD_MATCH = YES;
				COPY_PHASE_STRIP = YES;
				DEBUG_INFORMATION_FORMAT = "dwarf-with-dsym";
				ENABLE_NS_ASSERTIONS = NO;
				ENABLE_STRICT_OBJC_MSGSEND = YES;
				GCC_C_LANGUAGE_STANDARD = gnu99;
				GCC_WARN_64_TO_32_BIT_CONVERSION = YES;
				GCC_WARN_ABOUT_RETURN_TYPE = YES_ERROR;
				GCC_WARN_UNDECLARED_SELECTOR = YES;
				GCC_WARN_UNINITIALIZED_AUTOS = YES_AGGRESSIVE;
				GCC_WARN_UNUSED_FUNCTION = YES;
				GCC_WARN_UNUSED_VARIABLE = YES;
				MACOSX_DEPLOYMENT_TARGET = 10.10;
				MTL_ENABLE_DEBUG_INFO = NO;
				SDKROOT = macosx;
			};
			name = Release;
		};
		B4E5F6E719DA9DDA008187AA /* Debug */ = {
			isa = XCBuildConfiguration;
			buildSettings = {
				PRODUCT_NAME = "$(TARGET_NAME)";
			};
			name = Debug;
		};
		B4E5F6E819DA9DDA008187AA /* Release */ = {
			isa = XCBuildConfiguration;
			buildSettings = {
				PRODUCT_NAME = "$(TARGET_NAME)";
			};
			name = Release;
		};
/* End XCBuildConfiguration section */

/* Begin XCConfigurationList section */
		B4E5F6DA19DA9DDA008187AA /* Build configuration list for PBXProject "PEK generator" */ = {
			isa = XCConfigurationList;
			buildConfigurations = (
				B4E5F6E419DA9DDA008187AA /* Debug */,
				B4E5F6E519DA9DDA008187AA /* Release */,
			);
			defaultConfigurationIsVisible = 0;
			defaultConfigurationName = Release;
		};
		B4E5F6E619DA9DDA008187AA /* Build configuration list for PBXNativeTarget "PEK generator" */ = {
			isa = XCConfigurationList;
			buildConfigurations = (
				B4E5F6E719DA9DDA008187AA /* Debug */,
				B4E5F6E819DA9DDA008187AA /* Release */,
			);
			defaultConfigurationIsVisible = 0;
		};
/* End XCConfigurationList section */
	};
	rootObject = B4E5F6D719DA9DDA008187AA /* Project object */;
}
